
Microsoft Visual Studio Solution File, Format Version 12.00
# Visual Studio Version 16
VisualStudioVersion = 16.0.29215.179
MinimumVisualStudioVersion = 10.0.40219.1
Project("{FAE04EC0-301F-11D3-BF4B-00C04F79EFBC}") = "ToDo_", "ToDo_\ToDo_.csproj", "{BDBEFB90-AC04-4DF1-8EF8-BBD567ED6B9E}"
EndProject
Global
	GlobalSection(SolutionConfigurationPlatforms) = preSolution
		Debug|Any CPU = Debug|Any CPU
		Release|Any CPU = Release|Any CPU
	EndGlobalSection
	GlobalSection(ProjectConfigurationPlatforms) = postSolution
		{BDBEFB90-AC04-4DF1-8EF8-BBD567ED6B9E}.Debug|Any CPU.ActiveCfg = Debug|Any CPU
		{BDBEFB90-AC04-4DF1-8EF8-BBD567ED6B9E}.Debug|Any CPU.Build.0 = Debug|Any CPU
		{BDBEFB90-AC04-4DF1-8EF8-BBD567ED6B9E}.Release|Any CPU.ActiveCfg = Release|Any CPU
		{BDBEFB90-AC04-4DF1-8EF8-BBD567ED6B9E}.Release|Any CPU.Build.0 = Release|Any CPU
	EndGlobalSection
	GlobalSection(SolutionProperties) = preSolution
		HideSolutionNode = FALSE
	EndGlobalSection
	GlobalSection(ExtensibilityGlobals) = postSolution
		SolutionGuid = {1EBE2377-5056-46EE-AF9C-9BDADBA73B76}
	EndGlobalSection
EndGlobal
